
Microsoft Visual Studio Solution File, Format Version 12.00
# Visual Studio Version 17
VisualStudioVersion = 17.1.32210.238
MinimumVisualStudioVersion = 10.0.40219.1
Project("{FAE04EC0-301F-11D3-BF4B-00C04F79EFBC}") = "Parking_System_API", "Parking_System_API.csproj", "{9503297B-104E-4F84-9B6C-D11644564FCC}"
EndProject
Global
	GlobalSection(SolutionConfigurationPlatforms) = preSolution
		Debug|Any CPU = Debug|Any CPU
		Release|Any CPU = Release|Any CPU
	EndGlobalSection
	GlobalSection(ProjectConfigurationPlatforms) = postSolution
		{9503297B-104E-4F84-9B6C-D11644564FCC}.Debug|Any CPU.ActiveCfg = Debug|Any CPU
		{9503297B-104E-4F84-9B6C-D11644564FCC}.Debug|Any CPU.Build.0 = Debug|Any CPU
		{9503297B-104E-4F84-9B6C-D11644564FCC}.Release|Any CPU.ActiveCfg = Release|Any CPU
		{9503297B-104E-4F84-9B6C-D11644564FCC}.Release|Any CPU.Build.0 = Release|Any CPU
	EndGlobalSection
	GlobalSection(SolutionProperties) = preSolution
		HideSolutionNode = FALSE
	EndGlobalSection
	GlobalSection(ExtensibilityGlobals) = postSolution
		SolutionGuid = {9F936FC4-9E9A-43F9-9BA6-3218787C507A}
	EndGlobalSection
EndGlobal
